
Microsoft Visual Studio Solution File, Format Version 12.00
# Visual Studio Version 17
VisualStudioVersion = 17.2.32526.322
MinimumVisualStudioVersion = 10.0.40219.1
Project("{FAE04EC0-301F-11D3-BF4B-00C04F79EFBC}") = "Ej_Banco", "Ej_Banco\Ej_Banco.csproj", "{0CFA7A0E-E94B-44FD-AB72-E61DC88E5137}"
EndProject
Project("{FAE04EC0-301F-11D3-BF4B-00C04F79EFBC}") = "BancoParte2", "BancoParte2\BancoParte2.csproj", "{FA6056BB-B066-4D0B-91D5-E0DC98C266A9}"
EndProject
Global
	GlobalSection(SolutionConfigurationPlatforms) = preSolution
		Debug|Any CPU = Debug|Any CPU
		Release|Any CPU = Release|Any CPU
	EndGlobalSection
	GlobalSection(ProjectConfigurationPlatforms) = postSolution
		{0CFA7A0E-E94B-44FD-AB72-E61DC88E5137}.Debug|Any CPU.ActiveCfg = Debug|Any CPU
		{0CFA7A0E-E94B-44FD-AB72-E61DC88E5137}.Debug|Any CPU.Build.0 = Debug|Any CPU
		{0CFA7A0E-E94B-44FD-AB72-E61DC88E5137}.Release|Any CPU.ActiveCfg = Release|Any CPU
		{0CFA7A0E-E94B-44FD-AB72-E61DC88E5137}.Release|Any CPU.Build.0 = Release|Any CPU
		{FA6056BB-B066-4D0B-91D5-E0DC98C266A9}.Debug|Any CPU.ActiveCfg = Debug|Any CPU
		{FA6056BB-B066-4D0B-91D5-E0DC98C266A9}.Debug|Any CPU.Build.0 = Debug|Any CPU
		{FA6056BB-B066-4D0B-91D5-E0DC98C266A9}.Release|Any CPU.ActiveCfg = Release|Any CPU
		{FA6056BB-B066-4D0B-91D5-E0DC98C266A9}.Release|Any CPU.Build.0 = Release|Any CPU
	EndGlobalSection
	GlobalSection(SolutionProperties) = preSolution
		HideSolutionNode = FALSE
	EndGlobalSection
	GlobalSection(ExtensibilityGlobals) = postSolution
		SolutionGuid = {B386FC56-422B-487E-BF4D-F78DAF683B85}
	EndGlobalSection
EndGlobal
